
Microsoft Visual Studio Solution File, Format Version 12.00
# Visual Studio Version 17
VisualStudioVersion = 17.4.33403.182
MinimumVisualStudioVersion = 10.0.40219.1
Project("{9A19103F-16F7-4668-BE54-9A1E7A4F7556}") = "AutomobileLibrary", "AutomobileLibrary\AutomobileLibrary.csproj", "{076F6ED4-D810-4326-9943-6BCCBB3E9B21}"
EndProject
Project("{FAE04EC0-301F-11D3-BF4B-00C04F79EFBC}") = "AutomobileWinApp", "AutomobileWinApp\AutomobileWinApp.csproj", "{0692CBE4-020D-4F20-A604-336A2DBFAB8E}"
EndProject
Global
	GlobalSection(SolutionConfigurationPlatforms) = preSolution
		Debug|Any CPU = Debug|Any CPU
		Release|Any CPU = Release|Any CPU
	EndGlobalSection
	GlobalSection(ProjectConfigurationPlatforms) = postSolution
		{076F6ED4-D810-4326-9943-6BCCBB3E9B21}.Debug|Any CPU.ActiveCfg = Debug|Any CPU
		{076F6ED4-D810-4326-9943-6BCCBB3E9B21}.Debug|Any CPU.Build.0 = Debug|Any CPU
		{076F6ED4-D810-4326-9943-6BCCBB3E9B21}.Release|Any CPU.ActiveCfg = Release|Any CPU
		{076F6ED4-D810-4326-9943-6BCCBB3E9B21}.Release|Any CPU.Build.0 = Release|Any CPU
		{0692CBE4-020D-4F20-A604-336A2DBFAB8E}.Debug|Any CPU.ActiveCfg = Debug|Any CPU
		{0692CBE4-020D-4F20-A604-336A2DBFAB8E}.Debug|Any CPU.Build.0 = Debug|Any CPU
		{0692CBE4-020D-4F20-A604-336A2DBFAB8E}.Release|Any CPU.ActiveCfg = Release|Any CPU
		{0692CBE4-020D-4F20-A604-336A2DBFAB8E}.Release|Any CPU.Build.0 = Release|Any CPU
	EndGlobalSection
	GlobalSection(SolutionProperties) = preSolution
		HideSolutionNode = FALSE
	EndGlobalSection
	GlobalSection(ExtensibilityGlobals) = postSolution
		SolutionGuid = {94BAA050-02A6-441D-A5C8-7BCB5BF801FF}
	EndGlobalSection
EndGlobal
